
Microsoft Visual Studio Solution File, Format Version 12.00
# Visual Studio Version 17
VisualStudioVersion = 17.11.35219.272
MinimumVisualStudioVersion = 10.0.40219.1
Project("{9A19103F-16F7-4668-BE54-9A1E7A4F7556}") = "DXApplication1.Module", "DXApplication1.Module\DXApplication1.Module.csproj", "{DE954BFF-DF55-4E55-8F8B-0B4ADF74DBE9}"
EndProject
Project("{9A19103F-16F7-4668-BE54-9A1E7A4F7556}") = "DXApplication1.Blazor.Server", "DXApplication1.Blazor.Server\DXApplication1.Blazor.Server.csproj", "{F30C4862-2037-4367-A5E0-889BF9E5D301}"
EndProject
Project("{9A19103F-16F7-4668-BE54-9A1E7A4F7556}") = "Security.Extensions", "..\Security.Extensions\Security.Extensions.csproj", "{87D83855-2481-46B7-993F-1A0D020F1FA0}"
EndProject
Global
	GlobalSection(SolutionConfigurationPlatforms) = preSolution
		Debug|Any CPU = Debug|Any CPU
		EasyTest|Any CPU = EasyTest|Any CPU
		Release|Any CPU = Release|Any CPU
	EndGlobalSection
	GlobalSection(ProjectConfigurationPlatforms) = postSolution
		{DE954BFF-DF55-4E55-8F8B-0B4ADF74DBE9}.Debug|Any CPU.ActiveCfg = Debug|Any CPU
		{DE954BFF-DF55-4E55-8F8B-0B4ADF74DBE9}.Debug|Any CPU.Build.0 = Debug|Any CPU
		{DE954BFF-DF55-4E55-8F8B-0B4ADF74DBE9}.EasyTest|Any CPU.ActiveCfg = EasyTest|Any CPU
		{DE954BFF-DF55-4E55-8F8B-0B4ADF74DBE9}.EasyTest|Any CPU.Build.0 = EasyTest|Any CPU
		{DE954BFF-DF55-4E55-8F8B-0B4ADF74DBE9}.Release|Any CPU.ActiveCfg = Release|Any CPU
		{DE954BFF-DF55-4E55-8F8B-0B4ADF74DBE9}.Release|Any CPU.Build.0 = Release|Any CPU
		{F30C4862-2037-4367-A5E0-889BF9E5D301}.Debug|Any CPU.ActiveCfg = Debug|Any CPU
		{F30C4862-2037-4367-A5E0-889BF9E5D301}.Debug|Any CPU.Build.0 = Debug|Any CPU
		{F30C4862-2037-4367-A5E0-889BF9E5D301}.EasyTest|Any CPU.ActiveCfg = EasyTest|Any CPU
		{F30C4862-2037-4367-A5E0-889BF9E5D301}.EasyTest|Any CPU.Build.0 = EasyTest|Any CPU
		{F30C4862-2037-4367-A5E0-889BF9E5D301}.Release|Any CPU.ActiveCfg = Release|Any CPU
		{F30C4862-2037-4367-A5E0-889BF9E5D301}.Release|Any CPU.Build.0 = Release|Any CPU
		{87D83855-2481-46B7-993F-1A0D020F1FA0}.Debug|Any CPU.ActiveCfg = Debug|Any CPU
		{87D83855-2481-46B7-993F-1A0D020F1FA0}.Debug|Any CPU.Build.0 = Debug|Any CPU
		{87D83855-2481-46B7-993F-1A0D020F1FA0}.EasyTest|Any CPU.ActiveCfg = Debug|Any CPU
		{87D83855-2481-46B7-993F-1A0D020F1FA0}.EasyTest|Any CPU.Build.0 = Debug|Any CPU
		{87D83855-2481-46B7-993F-1A0D020F1FA0}.Release|Any CPU.ActiveCfg = Release|Any CPU
		{87D83855-2481-46B7-993F-1A0D020F1FA0}.Release|Any CPU.Build.0 = Release|Any CPU
	EndGlobalSection
	GlobalSection(SolutionProperties) = preSolution
		HideSolutionNode = FALSE
	EndGlobalSection
	GlobalSection(ExtensibilityGlobals) = postSolution
		SolutionGuid = {31B64B38-6832-4642-AA87-1DD9915263CC}
	EndGlobalSection
EndGlobal
