
Microsoft Visual Studio Solution File, Format Version 12.00
# Visual Studio Version 17
VisualStudioVersion = 17.11.35219.272
MinimumVisualStudioVersion = 10.0.40219.1
Project("{9A19103F-16F7-4668-BE54-9A1E7A4F7556}") = "DXApplication1.Module", "DXApplication1.Module\DXApplication1.Module.csproj", "{D89E18DF-52C6-4DD6-8405-E89A64B36DEC}"
EndProject
Project("{9A19103F-16F7-4668-BE54-9A1E7A4F7556}") = "DXApplication1.Blazor.Server", "DXApplication1.Blazor.Server\DXApplication1.Blazor.Server.csproj", "{E1B954F6-5D4B-494A-BD8A-0344289B8D9C}"
EndProject
Project("{9A19103F-16F7-4668-BE54-9A1E7A4F7556}") = "Security.Extensions", "..\Security.Extensions\Security.Extensions.csproj", "{77C72D0A-8577-41AF-B0ED-B692192CE676}"
EndProject
Global
	GlobalSection(SolutionConfigurationPlatforms) = preSolution
		Debug|Any CPU = Debug|Any CPU
		EasyTest|Any CPU = EasyTest|Any CPU
		Release|Any CPU = Release|Any CPU
	EndGlobalSection
	GlobalSection(ProjectConfigurationPlatforms) = postSolution
		{D89E18DF-52C6-4DD6-8405-E89A64B36DEC}.Debug|Any CPU.ActiveCfg = Debug|Any CPU
		{D89E18DF-52C6-4DD6-8405-E89A64B36DEC}.Debug|Any CPU.Build.0 = Debug|Any CPU
		{D89E18DF-52C6-4DD6-8405-E89A64B36DEC}.EasyTest|Any CPU.ActiveCfg = EasyTest|Any CPU
		{D89E18DF-52C6-4DD6-8405-E89A64B36DEC}.EasyTest|Any CPU.Build.0 = EasyTest|Any CPU
		{D89E18DF-52C6-4DD6-8405-E89A64B36DEC}.Release|Any CPU.ActiveCfg = Release|Any CPU
		{D89E18DF-52C6-4DD6-8405-E89A64B36DEC}.Release|Any CPU.Build.0 = Release|Any CPU
		{E1B954F6-5D4B-494A-BD8A-0344289B8D9C}.Debug|Any CPU.ActiveCfg = Debug|Any CPU
		{E1B954F6-5D4B-494A-BD8A-0344289B8D9C}.Debug|Any CPU.Build.0 = Debug|Any CPU
		{E1B954F6-5D4B-494A-BD8A-0344289B8D9C}.EasyTest|Any CPU.ActiveCfg = EasyTest|Any CPU
		{E1B954F6-5D4B-494A-BD8A-0344289B8D9C}.EasyTest|Any CPU.Build.0 = EasyTest|Any CPU
		{E1B954F6-5D4B-494A-BD8A-0344289B8D9C}.Release|Any CPU.ActiveCfg = Release|Any CPU
		{E1B954F6-5D4B-494A-BD8A-0344289B8D9C}.Release|Any CPU.Build.0 = Release|Any CPU
		{77C72D0A-8577-41AF-B0ED-B692192CE676}.Debug|Any CPU.ActiveCfg = Debug|Any CPU
		{77C72D0A-8577-41AF-B0ED-B692192CE676}.Debug|Any CPU.Build.0 = Debug|Any CPU
		{77C72D0A-8577-41AF-B0ED-B692192CE676}.EasyTest|Any CPU.ActiveCfg = Debug|Any CPU
		{77C72D0A-8577-41AF-B0ED-B692192CE676}.EasyTest|Any CPU.Build.0 = Debug|Any CPU
		{77C72D0A-8577-41AF-B0ED-B692192CE676}.Release|Any CPU.ActiveCfg = Release|Any CPU
		{77C72D0A-8577-41AF-B0ED-B692192CE676}.Release|Any CPU.Build.0 = Release|Any CPU
	EndGlobalSection
	GlobalSection(SolutionProperties) = preSolution
		HideSolutionNode = FALSE
	EndGlobalSection
EndGlobal
